# THIS IS AN AUTOGENERATED FILE. DO NOT EDIT THIS FILE DIRECTLY.
# yarn lockfile v1


"@abp/aspnetcore.components.server.leptonxlitetheme@~5.0.1":
  version "5.0.1"
  resolved "https://registry.npmmirror.com/@abp/aspnetcore.components.server.leptonxlitetheme/-/aspnetcore.components.server.leptonxlitetheme-5.0.1.tgz#f4d4b829340281652a3c68a4cd865fc11ad9e60d"
  integrity sha512-dJ2372IScUYe+ZXYU4I9sVC9diP4wmx+pxU8hs+azA6fh40H+JokZCPywhOKX+uFp3WBomrk9N09N0UspxOMqA==
  dependencies:
    "@abp/aspnetcore.components.server.theming" "~10.0.1"

"@abp/aspnetcore.components.server.theming@~10.0.1":
  version "10.0.1"
  resolved "https://registry.npmmirror.com/@abp/aspnetcore.components.server.theming/-/aspnetcore.components.server.theming-10.0.1.tgz#0d51d1234721037eb22bf50d58b1d0f78cfb3c13"
  integrity sha512-3W1ROIudJR2xPWOwLJyWi/9F91vRMOJO+r14Arx7SmoNU+gWdgk3xY9da9dSVc52IzuZnDKK21VFLKVqCCfDzg==
  dependencies:
    "@abp/bootstrap" "~10.0.1"
    "@abp/font-awesome" "~10.0.1"

"@abp/aspnetcore.mvc.ui.theme.leptonxlite@~5.0.1":
  version "5.0.1"
  resolved "https://registry.npmmirror.com/@abp/aspnetcore.mvc.ui.theme.leptonxlite/-/aspnetcore.mvc.ui.theme.leptonxlite-5.0.1.tgz#da337d369e4fbce3e20cc29f664060cbcc4093e9"
  integrity sha512-N5FmoWeJnXQe4qJQlzxPKDKHaNN1N6I/CpT6w+7hNcuLE/cHd+HMuup2oismhc1MeVN13+idtt3p6/iH3MqeDQ==
  dependencies:
    "@abp/aspnetcore.mvc.ui.theme.shared" "~10.0.1"

"@abp/aspnetcore.mvc.ui.theme.shared@~10.0.1":
  version "10.0.1"
  resolved "https://registry.npmmirror.com/@abp/aspnetcore.mvc.ui.theme.shared/-/aspnetcore.mvc.ui.theme.shared-10.0.1.tgz#3c525bbc0da2b4e603b609289af623a030953f6d"
  integrity sha512-euCjtPG2AjZ9AFbRQNh9649f40rQRfq58ZLvjUCfCvotbe7Fl+FaZgyIukpxXqKgd14NtCd2xPbvRM6/3Wj6IQ==
  dependencies:
    "@abp/aspnetcore.mvc.ui" "~10.0.1"
    "@abp/bootstrap" "~10.0.1"
    "@abp/bootstrap-datepicker" "~10.0.1"
    "@abp/bootstrap-daterangepicker" "~10.0.1"
    "@abp/datatables.net-bs5" "~10.0.1"
    "@abp/font-awesome" "~10.0.1"
    "@abp/jquery-form" "~10.0.1"
    "@abp/jquery-validation-unobtrusive" "~10.0.1"
    "@abp/lodash" "~10.0.1"
    "@abp/luxon" "~10.0.1"
    "@abp/malihu-custom-scrollbar-plugin" "~10.0.1"
    "@abp/moment" "~10.0.1"
    "@abp/select2" "~10.0.1"
    "@abp/sweetalert2" "~10.0.1"
    "@abp/timeago" "~10.0.1"

"@abp/aspnetcore.mvc.ui@~10.0.1":
  version "10.0.1"
  resolved "https://registry.npmmirror.com/@abp/aspnetcore.mvc.ui/-/aspnetcore.mvc.ui-10.0.1.tgz#b004dc6313b9320b05f465eeb9e74877766ea0f0"
  integrity sha512-IEiLfdpDwtrGek/z7iBlgKlZdCvgaL2q9/GGLySrLknnVtv/qONzYburveZsKw8LT7PbZWRQRBh2n7v6TT7M9w==
  dependencies:
    ansi-colors "^4.1.3"

"@abp/bootstrap-datepicker@~10.0.1":
  version "10.0.1"
  resolved "https://registry.npmmirror.com/@abp/bootstrap-datepicker/-/bootstrap-datepicker-10.0.1.tgz#5d58e5039e39d84b179a0c343d616ab0fc7c38d4"
  integrity sha512-hwpSDUTM/A/Rn+3Hjjt3xG7QdhmFruM7fGEEU8kd7Qowimx2XVNIM5Ua5obt5bGTyBmsaAx4HnurjJJn1oh4ng==
  dependencies:
    bootstrap-datepicker "^1.10.1"

"@abp/bootstrap-daterangepicker@~10.0.1":
  version "10.0.1"
  resolved "https://registry.npmmirror.com/@abp/bootstrap-daterangepicker/-/bootstrap-daterangepicker-10.0.1.tgz#8ff88aed898e46c36a3e9601a791cb0fa1134f28"
  integrity sha512-a1hhaSk+SffutUI0CxUgAG6Zmx/Y4L7i1LEsQff4OEq0j8ipaHT+5UHMXf2DbCMo7yoZh2yUXQAATO0A/O2V+A==
  dependencies:
    bootstrap-daterangepicker "^3.1.0"

"@abp/bootstrap@~10.0.1":
  version "10.0.1"
  resolved "https://registry.npmmirror.com/@abp/bootstrap/-/bootstrap-10.0.1.tgz#cb857f21814097522fbd7e5c1a36cb22182e9f3e"
  integrity sha512-AK/8ykw4SYjLgFgJE1zb2Mevn6ypqXqETbndN887JSny1QRrLUBVOKy6g+pnPUqI45/4wPfas7H9WgjFINiK2g==
  dependencies:
    "@abp/core" "~10.0.1"
    bootstrap "^5.3.8"

"@abp/core@~10.0.1":
  version "10.0.1"
  resolved "https://registry.npmmirror.com/@abp/core/-/core-10.0.1.tgz#c96563310d28137b0ac24efff74a969fa13aa7bb"
  integrity sha512-mc/Wve/fl/B3cLqQ18IXO0lw1QCi3kCbi8PxRoLowD8NZEguezNglFjNqdvHNvBaWpZpMgJc2U+B15giB0946w==
  dependencies:
    "@abp/utils" "~10.0.1"

"@abp/datatables.net-bs5@~10.0.1":
  version "10.0.1"
  resolved "https://registry.npmmirror.com/@abp/datatables.net-bs5/-/datatables.net-bs5-10.0.1.tgz#1b33c14e9dabd0b29cc4d6f05120607a14313d55"
  integrity sha512-0ww7HZ9m/OZWRQ2/9gNNgd59FpfvWSdw21onCBgJ7eaLd6KQeeFqbXm4eYjHoLgyRwk8c6u/F9ciir3EeTivhw==
  dependencies:
    "@abp/datatables.net" "~10.0.1"
    datatables.net-bs5 "^2.3.4"

"@abp/datatables.net@~10.0.1":
  version "10.0.1"
  resolved "https://registry.npmmirror.com/@abp/datatables.net/-/datatables.net-10.0.1.tgz#ed45edcb4ee6832f38d4f1a56b5c0e1b126e8b82"
  integrity sha512-DR53PGhHbW0ZdzeT7PWvBSfZrSyF2eWo1zAzCXsG+MsVRIiNzUNjipeq1igmd0PtXi2FHb76xS2utgAfgZEZ1A==
  dependencies:
    "@abp/jquery" "~10.0.1"
    datatables.net "^2.3.4"

"@abp/font-awesome@~10.0.1":
  version "10.0.1"
  resolved "https://registry.npmmirror.com/@abp/font-awesome/-/font-awesome-10.0.1.tgz#8c75feda6e394143f7e1cbe1ac8fc12b275bafed"
  integrity sha512-2DDjc+EJcHDPUm/LHzbVjVMmChIaiEqMasKQ7qhxDq6yL102wMibPz0JR6Q9EYmYWro+Blf3Q0/0ECYLa8BgnQ==
  dependencies:
    "@abp/core" "~10.0.1"
    "@fortawesome/fontawesome-free" "^7.0.1"

"@abp/jquery-form@~10.0.1":
  version "10.0.1"
  resolved "https://registry.npmmirror.com/@abp/jquery-form/-/jquery-form-10.0.1.tgz#e19c89863e2175a5e5db638ab95f648d2ee18ab3"
  integrity sha512-nVZwEv0VeIP+xQZk7bz8S2RbKhkOUTKSf6mkdkLlna+8TNW0Ry8tBns79n/I0wYUh5007hxQbqb3L5TG4kq4+Q==
  dependencies:
    "@abp/jquery" "~10.0.1"
    jquery-form "^4.3.0"

"@abp/jquery-validation-unobtrusive@~10.0.1":
  version "10.0.1"
  resolved "https://registry.npmmirror.com/@abp/jquery-validation-unobtrusive/-/jquery-validation-unobtrusive-10.0.1.tgz#35d43938c05ed3f6aab67bfd574c82f5e83a277f"
  integrity sha512-jch+haMxPqMcN7CrFoEnULXHSdP43E+CdwDkCYJnTjEydISMyr2CwW4cIA/ab4kjNXs1DloW+r8+unRnOzClWQ==
  dependencies:
    "@abp/jquery-validation" "~10.0.1"
    jquery-validation-unobtrusive "^4.0.0"

"@abp/jquery-validation@~10.0.1":
  version "10.0.1"
  resolved "https://registry.npmmirror.com/@abp/jquery-validation/-/jquery-validation-10.0.1.tgz#20c4c313d9ec73b4dc242729ab3250f747b76b66"
  integrity sha512-cUGUCOuwKc1TR1R8GHpjN9HokWK6p6ElM4sN/J3yY/Nef9wKn4zY98Q3hmFLsCDeV+9Sjex1xcqNjqU3ZOiZSg==
  dependencies:
    "@abp/jquery" "~10.0.1"
    jquery-validation "^1.21.0"

"@abp/jquery@~10.0.1":
  version "10.0.1"
  resolved "https://registry.npmmirror.com/@abp/jquery/-/jquery-10.0.1.tgz#fc6fb5fed08e6ab113e0096cd6c00ad10461fef4"
  integrity sha512-hIQkMc9ouQz4QKaEJSVzZqQMyWdF7tmzZ8WlVN6EeWEDUKPLyuibhwTvTEO6u+17ZP7GhlldONHsRwTdc0zlJA==
  dependencies:
    "@abp/core" "~10.0.1"
    jquery "~3.7.1"

"@abp/lodash@~10.0.1":
  version "10.0.1"
  resolved "https://registry.npmmirror.com/@abp/lodash/-/lodash-10.0.1.tgz#41df6cc6d375ea1e6a5a27745b68b0964bcbc295"
  integrity sha512-15uv5kNtXBb+3hm7Qorh95mLhSIJkIbGa2bp3Tyw4jEdXTFPsb1v5FCC2m7LEaEUNuNgzXFJGT818Xi58AI0Rw==
  dependencies:
    "@abp/core" "~10.0.1"
    lodash "^4.17.21"

"@abp/luxon@~10.0.1":
  version "10.0.1"
  resolved "https://registry.npmmirror.com/@abp/luxon/-/luxon-10.0.1.tgz#97c920867775def2bb1628b47507e45388179e40"
  integrity sha512-LL/J4oyA+o9res57cq/+qsilTvo7ikxtCdpxGSIEjkvNTmYzcChv1ixmDMvqqMvJFELJ9R+1V7NeZhXBAiR6Lw==
  dependencies:
    "@abp/core" "~10.0.1"
    luxon "^3.7.2"

"@abp/malihu-custom-scrollbar-plugin@~10.0.1":
  version "10.0.1"
  resolved "https://registry.npmmirror.com/@abp/malihu-custom-scrollbar-plugin/-/malihu-custom-scrollbar-plugin-10.0.1.tgz#53dc824537110f155d00c46b1ffe7c6eff060040"
  integrity sha512-S4zKvlTMvhkFCBhakql1bLB/lHlRjPy8An0KB2pBKvxfIvzUQn8YmiBSK51Hq/Hf6ZnnSJkNr35cb9TcHUwkNA==
  dependencies:
    "@abp/core" "~10.0.1"
    malihu-custom-scrollbar-plugin "^3.1.5"

"@abp/moment@~10.0.1":
  version "10.0.1"
  resolved "https://registry.npmmirror.com/@abp/moment/-/moment-10.0.1.tgz#dce2c26602ac9c77ea0209e6a3727a7e9f04f4c4"
  integrity sha512-fRrMLQhYzOSATSM4hWdr7Y5ggbMd23ffivpDB4O2BDYUXTcfiWyVVKDd+5uLZi+znkWz29bNN4WswileuHvaGw==
  dependencies:
    moment "^2.30.1"

"@abp/select2@~10.0.1":
  version "10.0.1"
  resolved "https://registry.npmmirror.com/@abp/select2/-/select2-10.0.1.tgz#df92daf67f46aa2fc884ef84f9da68b1fb8e63d7"
  integrity sha512-VQxYH0Uqa7EN+F6XBkDMz3yy8yTM6xcZ6593WtZupl9UbiHToGElsem3ibnZueoyMHcd3ByYw968uvJX7zudNw==
  dependencies:
    "@abp/core" "~10.0.1"
    select2 "^4.0.13"

"@abp/sweetalert2@~10.0.1":
  version "10.0.1"
  resolved "https://registry.npmmirror.com/@abp/sweetalert2/-/sweetalert2-10.0.1.tgz#a26874fd51ddffeba60f4506eb1a5c914ae3efae"
  integrity sha512-4USaGSA5+7O6D+5a4YhluYPKUyOAassUUuKJATP8IqLRtpkh16P4tJ/7+QWvnFDIgJLURpbjmOiN2xhVzhpxvw==
  dependencies:
    "@abp/core" "~10.0.1"
    sweetalert2 "^11.23.0"

"@abp/timeago@~10.0.1":
  version "10.0.1"
  resolved "https://registry.npmmirror.com/@abp/timeago/-/timeago-10.0.1.tgz#6bc36ab7dd3deea114ff1d68dbda908202837cf6"
  integrity sha512-Wd2KY8B95ycsRDn5ouY3l3U+niBMEd+XCgZs6CoaMtiQ1AxkT7/iPqNCMJMKjeIjBQ/A1CSmKL7MI+BGw1bxBA==
  dependencies:
    "@abp/jquery" "~10.0.1"
    timeago "^1.6.7"

"@abp/utils@~10.0.1":
  version "10.0.1"
  resolved "https://registry.npmmirror.com/@abp/utils/-/utils-10.0.1.tgz#0db8713481cb781c3c4d07a150b7f45a65466b50"
  integrity sha512-YGXgco/qYSxGaQfNTHDIMU1MyEuVDe3FayIZWPW5+p+elwp4DPFD4rvD+6ZLM0Jr30k5UdKT4IFAsw7wduQWrw==
  dependencies:
    just-compare "^2.3.0"

"@fortawesome/fontawesome-free@^7.0.1":
  version "7.1.0"
  resolved "https://registry.npmmirror.com/@fortawesome/fontawesome-free/-/fontawesome-free-7.1.0.tgz#8eb76278515341720aa74485266f8be121089529"
  integrity sha512-+WxNld5ZCJHvPQCr/GnzCTVREyStrAJjisUPtUxG5ngDA8TMlPnKp6dddlTpai4+1GNmltAeuk1hJEkBohwZYA==

ansi-colors@^4.1.3:
  version "4.1.3"
  resolved "https://registry.npmmirror.com/ansi-colors/-/ansi-colors-4.1.3.tgz#37611340eb2243e70cc604cad35d63270d48781b"
  integrity sha512-/6w/C21Pm1A7aZitlI5Ni/2J6FFQN8i1Cvz3kHABAAbw93v/NlvKdVOqz7CCWz/3iv/JplRSEEZ83XION15ovw==

bootstrap-datepicker@^1.10.1:
  version "1.10.1"
  resolved "https://registry.npmmirror.com/bootstrap-datepicker/-/bootstrap-datepicker-1.10.1.tgz#0a8bec42957ea1ce1272b91bcf2b53696629fb86"
  integrity sha512-GIe+fsLp9Hi30oW7L2v2Q9/a4+aojrIA2p4ZagtLuKw2lpfQgjJjM0L6vl/lYQydGXWUbpoKbEC/O5tzWIkEKQ==
  dependencies:
    jquery ">=3.4.0 <4.0.0"

bootstrap-daterangepicker@^3.1.0:
  version "3.1.0"
  resolved "https://registry.npmmirror.com/bootstrap-daterangepicker/-/bootstrap-daterangepicker-3.1.0.tgz#632e6fb2de4b6360c5c0a9d5f6adb9aace051fe8"
  integrity sha512-oaQZx6ZBDo/dZNyXGVi2rx5GmFXThyQLAxdtIqjtLlYVaQUfQALl5JZMJJZzyDIX7blfy4ppZPAJ10g8Ma4d/g==
  dependencies:
    jquery ">=1.10"
    moment "^2.9.0"

bootstrap@^5.3.8:
  version "5.3.8"
  resolved "https://registry.npmmirror.com/bootstrap/-/bootstrap-5.3.8.tgz#6401a10057a22752d21f4e19055508980656aeed"
  integrity sha512-HP1SZDqaLDPwsNiqRqi5NcP0SSXciX2s9E+RyqJIIqGo+vJeN5AJVM98CXmW/Wux0nQ5L7jeWUdplCEf0Ee+tg==

datatables.net-bs5@^2.3.4:
  version "2.3.5"
  resolved "https://registry.npmmirror.com/datatables.net-bs5/-/datatables.net-bs5-2.3.5.tgz#96f76dce12b1554664b06bd85f6b3be8d6da509f"
  integrity sha512-2JA2WZz1tBxdVpYAspiqI8POdqEoAZZzqp7tISKaof2P5ufBJb+OLaahxwuB0sF9qcQh1azlU+JH1zsLBXVwXg==
  dependencies:
    datatables.net "2.3.5"
    jquery ">=1.7"

datatables.net@2.3.5, datatables.net@^2.3.4:
  version "2.3.5"
  resolved "https://registry.npmmirror.com/datatables.net/-/datatables.net-2.3.5.tgz#a35cc1209edb7525ea68ebc3e7d3af6e3f30a758"
  integrity sha512-Qrwc+vuw8GHo42u1usWTuriNAMW0VvLPSW3j8g3GxvatiD8wS/ZGW32VAYLLfmF4Hz0C/fo2KB3xZBfcpqqVTQ==
  dependencies:
    jquery ">=1.7"

jquery-form@^4.3.0:
  version "4.3.0"
  resolved "https://registry.yarnpkg.com/jquery-form/-/jquery-form-4.3.0.tgz#7d3961c314a1f2d15298f4af1d3943f54f4149c6"
  integrity sha512-q3uaVCEWdLOYUCI6dpNdwf/7cJFOsUgdpq6r0taxtGQ5NJSkOzofyWm4jpOuJ5YxdmL1FI5QR+q+HB63HHLGnQ==
  dependencies:
    jquery ">=1.7.2"

jquery-mousewheel@>=3.0.6:
  version "3.1.13"
  resolved "https://registry.yarnpkg.com/jquery-mousewheel/-/jquery-mousewheel-3.1.13.tgz#06f0335f16e353a695e7206bf50503cb523a6ee5"

jquery-validation-unobtrusive@^4.0.0:
  version "4.0.0"
  resolved "https://registry.npmmirror.com/jquery-validation-unobtrusive/-/jquery-validation-unobtrusive-4.0.0.tgz#dfcf25a558496a2c883db6021d10f5398d15f99d"
  integrity sha512-1ervYFFv6LX/rp7ktuLnMakHNG0piNRDyROI8Ir3hL1vPIwylAehB1AY3BPrYJnzW3WmwWryZq+Bz4sazZK9iQ==
  dependencies:
    jquery "^3.6.0"
    jquery-validation ">=1.19"

jquery-validation@>=1.19, jquery-validation@^1.21.0:
  version "1.21.0"
  resolved "https://registry.npmmirror.com/jquery-validation/-/jquery-validation-1.21.0.tgz#78fc05ab76020912a246af3661b3f54a438bca93"
  integrity sha512-xNot0rlUIgu7duMcQ5qb6MGkGL/Z1PQaRJQoZAURW9+a/2PGOUxY36o/WyNeP2T9R6jvWB8Z9lUVvvQWI/Zs5w==

jquery@>=1.10:
  version "3.6.3"
  resolved "https://registry.npmmirror.com/jquery/-/jquery-3.6.3.tgz#23ed2ffed8a19e048814f13391a19afcdba160e6"
  integrity sha512-bZ5Sy3YzKo9Fyc8wH2iIQK4JImJ6R0GWI9kL1/k7Z91ZBNgkRXE6U0JfHIizZbort8ZunhSI3jw9I6253ahKfg==

"jquery@>=1.5.0 <4.0":
  version "3.4.1"
  resolved "https://registry.yarnpkg.com/jquery/-/jquery-3.4.1.tgz#714f1f8d9dde4bdfa55764ba37ef214630d80ef2"
  integrity sha512-36+AdBzCL+y6qjw5Tx7HgzeGCzC81MDDgaUP8ld2zhx58HdqXGoBd+tHdrBMiyjGQs0Hxs/MLZTu/eHNJJuWPw==

jquery@>=1.7, jquery@>=1.7.2:
  version "3.3.1"
  resolved "https://registry.yarnpkg.com/jquery/-/jquery-3.3.1.tgz#958ce29e81c9790f31be7792df5d4d95fc57fbca"

"jquery@>=3.4.0 <4.0.0", jquery@^3.6.0, jquery@~3.7.1:
  version "3.7.1"
  resolved "https://registry.npmmirror.com/jquery/-/jquery-3.7.1.tgz#083ef98927c9a6a74d05a6af02806566d16274de"
  integrity sha512-m4avr8yL8kmFN8psrbFFFmB/If14iN5o9nw/NgnnM+kybDJpRsAynV2BsfpTYrTRysYUdADVD7CkUUizgkpLfg==

just-compare@^2.3.0:
  version "2.3.0"
  resolved "https://registry.npmjs.org/just-compare/-/just-compare-2.3.0.tgz#a2adcc1d1940536263275f5a1ef1298bcacfeda7"
  integrity sha512-6shoR7HDT+fzfL3gBahx1jZG3hWLrhPAf+l7nCwahDdT9XDtosB9kIF0ZrzUp5QY8dJWfQVr5rnsPqsbvflDzg==

lodash@^4.17.21:
  version "4.17.23"
  resolved "https://registry.yarnpkg.com/lodash/-/lodash-4.17.23.tgz#f113b0378386103be4f6893388c73d0bde7f2c5a"
  integrity sha512-LgVTMpQtIopCi79SJeDiP0TfWi5CNEc/L/aRdTh3yIvmZXTnheWpKjSZhnvMl8iXbC1tFg9gdHHDMLoV7CnG+w==

luxon@^3.7.2:
  version "3.7.2"
  resolved "https://registry.npmmirror.com/luxon/-/luxon-3.7.2.tgz#d697e48f478553cca187a0f8436aff468e3ba0ba"
  integrity sha512-vtEhXh/gNjI9Yg1u4jX/0YVPMvxzHuGgCm6tC5kZyb08yjGWGnqAjGJvcXbqQR2P3MyMEFnRbpcdFS6PBcLqew==

malihu-custom-scrollbar-plugin@^3.1.5:
  version "3.1.5"
  resolved "https://registry.yarnpkg.com/malihu-custom-scrollbar-plugin/-/malihu-custom-scrollbar-plugin-3.1.5.tgz#310cecc5e59415a1c29e9dfb5d2b6e01d66a29ef"
  integrity sha1-MQzsxeWUFaHCnp37XStuAdZqKe8=
  dependencies:
    jquery-mousewheel ">=3.0.6"

moment@^2.30.1:
  version "2.30.1"
  resolved "https://registry.npmmirror.com/moment/-/moment-2.30.1.tgz#f8c91c07b7a786e30c59926df530b4eac96974ae"
  integrity sha512-uEmtNhbDOrWPFS+hdjFCBfy9f2YoyzRpwcl+DqpC6taX21FzsTLQVbMV/W7PzNSX6x/bhC1zA3c2UQ5NzH6how==

moment@^2.9.0:
  version "2.29.4"
  resolved "https://registry.npmmirror.com/moment/-/moment-2.29.4.tgz#3dbe052889fe7c1b2ed966fcb3a77328964ef108"
  integrity sha512-5LC9SOxjSc2HF6vO2CyuTDNivEdoz2IvyJJGj6X8DJ0eFyfszE0QiEd+iXmBvUP3WHxSjFH/vIsA0EN00cgr8w==

select2@^4.0.13:
  version "4.0.13"
  resolved "https://registry.yarnpkg.com/select2/-/select2-4.0.13.tgz#0dbe377df3f96167c4c1626033e924372d8ef44d"
  integrity sha512-1JeB87s6oN/TDxQQYCvS5EFoQyvV6eYMZZ0AeA4tdFDYWN3BAGZ8npr17UBFddU0lgAt3H0yjX3X6/ekOj1yjw==

sweetalert2@^11.23.0:
  version "11.26.10"
  resolved "https://registry.npmmirror.com/sweetalert2/-/sweetalert2-11.26.10.tgz#9022037a99bbc25957397d062d229a2470eca3d4"
  integrity sha512-l/aaL9WWbumBOaMvcs4aCKzyQwkQCplSmSGpJD7FuRcSDWZyr2OEDmtcSPj2/w3N2TC2xw48Vg5cL6IkUJnPlQ==

timeago@^1.6.7:
  version "1.6.7"
  resolved "https://registry.yarnpkg.com/timeago/-/timeago-1.6.7.tgz#afd467c29a911e697fc22a81888c7c3022783cb5"
  integrity sha512-FikcjN98+ij0siKH4VO4dZ358PR3oDDq4Vdl1+sN9gWz1/+JXGr3uZbUShYH/hL7bMhcTpPbplJU5Tej4b4jbQ==
  dependencies:
    jquery ">=1.5.0 <4.0"
